
Microsoft Visual Studio Solution File, Format Version 12.00
# Visual Studio Version 17
VisualStudioVersion = 17.1.32328.378
MinimumVisualStudioVersion = 10.0.40219.1
Project("{8BC9CEB8-8B4A-11D0-8D11-00A0C91BC942}") = "Shapes", "Shapes\Shapes.vcxproj", "{E109902A-001F-437D-A3B0-B7922DA363BC}"
EndProject
Project("{8BC9CEB8-8B4A-11D0-8D11-00A0C91BC942}") = "AccountMain", "AccountMain\AccountMain.vcxproj", "{D5DF5B48-B424-478B-92F5-90179B5250F1}"
EndProject
Project("{8BC9CEB8-8B4A-11D0-8D11-00A0C91BC942}") = "StudentMain", "StudentMain\StudentMain.vcxproj", "{8A4F239D-D747-448C-A7FC-A36D7F8FC00D}"
EndProject
Project("{8BC9CEB8-8B4A-11D0-8D11-00A0C91BC942}") = "Zad3SecretFile", "Zad3SecretFile\Zad3SecretFile.vcxproj", "{28555ECA-CF01-4DC0-8235-8E55F872E301}"
EndProject
Project("{8BC9CEB8-8B4A-11D0-8D11-00A0C91BC942}") = "StaticConst", "StaticConst\StaticConst.vcxproj", "{68F55028-246C-417E-91DE-8FFD56176F40}"
EndProject
Project("{8BC9CEB8-8B4A-11D0-8D11-00A0C91BC942}") = "EnumExercises", "EnumExercises\EnumExercises.vcxproj", "{9C61F21A-6F60-4DDE-94D9-3FB33590A006}"
EndProject
Project("{8BC9CEB8-8B4A-11D0-8D11-00A0C91BC942}") = "Asocjacja", "Asocjacja\Asocjacja.vcxproj", "{9DAD9FA0-AB67-49EF-8386-9AB08339416C}"
EndProject
Project("{8BC9CEB8-8B4A-11D0-8D11-00A0C91BC942}") = "TheWitcherAssociation", "TheWitcherAssociation\TheWitcherAssociation.vcxproj", "{2AA39759-C762-4C27-A97D-249CDC13B43B}"
EndProject
Project("{8BC9CEB8-8B4A-11D0-8D11-00A0C91BC942}") = "Roar", "Roar\Roar.vcxproj", "{E247C021-4CB3-4E64-BCD1-FD6F1D838C09}"
EndProject
Project("{8BC9CEB8-8B4A-11D0-8D11-00A0C91BC942}") = "Inheritance", "Inheritance\Inheritance.vcxproj", "{385CBC6F-E7B5-4C03-AF91-61656536888C}"
EndProject
Project("{8BC9CEB8-8B4A-11D0-8D11-00A0C91BC942}") = "Weapon", "Weapon\Weapon.vcxproj", "{ACDFAB3A-DB76-4028-B6ED-9A86FC6999C1}"
EndProject
Project("{8BC9CEB8-8B4A-11D0-8D11-00A0C91BC942}") = "MagicanMain", "MagicanMain\MagicanMain.vcxproj", "{D481336E-9BBA-4C98-85B9-217B7FB2EC05}"
EndProject
Project("{8BC9CEB8-8B4A-11D0-8D11-00A0C91BC942}") = "Polimorfizm", "Polimorfizm\Polimorfizm.vcxproj", "{A8239FE6-38C3-4378-9E47-525C5CFBFF84}"
EndProject
Project("{8BC9CEB8-8B4A-11D0-8D11-00A0C91BC942}") = "ConsoleApplication1", "ConsoleApplication1\ConsoleApplication1.vcxproj", "{8F081E21-9F9E-4DF1-A0CB-92F5854BCAE2}"
EndProject
Project("{8BC9CEB8-8B4A-11D0-8D11-00A0C91BC942}") = "PolimorfizmVehicle", "PolimorfizmVehicle\PolimorfizmVehicle.vcxproj", "{3D72760A-F812-440A-AF37-30ADBA498F8D}"
EndProject
Project("{8BC9CEB8-8B4A-11D0-8D11-00A0C91BC942}") = "FoodMain", "FoodMain\FoodMain.vcxproj", "{A914D0DC-1B33-4296-A3C9-1EF158E7545C}"
EndProject
Project("{8BC9CEB8-8B4A-11D0-8D11-00A0C91BC942}") = "Friend", "Friend\Friend.vcxproj", "{625FB105-1C64-4BB3-BC1D-2CBB43C37ACB}"
EndProject
Project("{8BC9CEB8-8B4A-11D0-8D11-00A0C91BC942}") = "Fraction", "Fraction\Fraction.vcxproj", "{9D3812AB-954B-4B4A-8BEC-425B43D048BE}"
EndProject
Global
	GlobalSection(SolutionConfigurationPlatforms) = preSolution
		Debug|x64 = Debug|x64
		Debug|x86 = Debug|x86
		Release|x64 = Release|x64
		Release|x86 = Release|x86
	EndGlobalSection
	GlobalSection(ProjectConfigurationPlatforms) = postSolution
		{E109902A-001F-437D-A3B0-B7922DA363BC}.Debug|x64.ActiveCfg = Debug|x64
		{E109902A-001F-437D-A3B0-B7922DA363BC}.Debug|x64.Build.0 = Debug|x64
		{E109902A-001F-437D-A3B0-B7922DA363BC}.Debug|x86.ActiveCfg = Debug|Win32
		{E109902A-001F-437D-A3B0-B7922DA363BC}.Debug|x86.Build.0 = Debug|Win32
		{E109902A-001F-437D-A3B0-B7922DA363BC}.Release|x64.ActiveCfg = Release|x64
		{E109902A-001F-437D-A3B0-B7922DA363BC}.Release|x64.Build.0 = Release|x64
		{E109902A-001F-437D-A3B0-B7922DA363BC}.Release|x86.ActiveCfg = Release|Win32
		{E109902A-001F-437D-A3B0-B7922DA363BC}.Release|x86.Build.0 = Release|Win32
		{D5DF5B48-B424-478B-92F5-90179B5250F1}.Debug|x64.ActiveCfg = Debug|x64
		{D5DF5B48-B424-478B-92F5-90179B5250F1}.Debug|x64.Build.0 = Debug|x64
		{D5DF5B48-B424-478B-92F5-90179B5250F1}.Debug|x86.ActiveCfg = Debug|Win32
		{D5DF5B48-B424-478B-92F5-90179B5250F1}.Debug|x86.Build.0 = Debug|Win32
		{D5DF5B48-B424-478B-92F5-90179B5250F1}.Release|x64.ActiveCfg = Release|x64
		{D5DF5B48-B424-478B-92F5-90179B5250F1}.Release|x64.Build.0 = Release|x64
		{D5DF5B48-B424-478B-92F5-90179B5250F1}.Release|x86.ActiveCfg = Release|Win32
		{D5DF5B48-B424-478B-92F5-90179B5250F1}.Release|x86.Build.0 = Release|Win32
		{8A4F239D-D747-448C-A7FC-A36D7F8FC00D}.Debug|x64.ActiveCfg = Debug|x64
		{8A4F239D-D747-448C-A7FC-A36D7F8FC00D}.Debug|x64.Build.0 = Debug|x64
		{8A4F239D-D747-448C-A7FC-A36D7F8FC00D}.Debug|x86.ActiveCfg = Debug|Win32
		{8A4F239D-D747-448C-A7FC-A36D7F8FC00D}.Debug|x86.Build.0 = Debug|Win32
		{8A4F239D-D747-448C-A7FC-A36D7F8FC00D}.Release|x64.ActiveCfg = Release|x64
		{8A4F239D-D747-448C-A7FC-A36D7F8FC00D}.Release|x64.Build.0 = Release|x64
		{8A4F239D-D747-448C-A7FC-A36D7F8FC00D}.Release|x86.ActiveCfg = Release|Win32
		{8A4F239D-D747-448C-A7FC-A36D7F8FC00D}.Release|x86.Build.0 = Release|Win32
		{28555ECA-CF01-4DC0-8235-8E55F872E301}.Debug|x64.ActiveCfg = Debug|x64
		{28555ECA-CF01-4DC0-8235-8E55F872E301}.Debug|x64.Build.0 = Debug|x64
		{28555ECA-CF01-4DC0-8235-8E55F872E301}.Debug|x86.ActiveCfg = Debug|Win32
		{28555ECA-CF01-4DC0-8235-8E55F872E301}.Debug|x86.Build.0 = Debug|Win32
		{28555ECA-CF01-4DC0-8235-8E55F872E301}.Release|x64.ActiveCfg = Release|x64
		{28555ECA-CF01-4DC0-8235-8E55F872E301}.Release|x64.Build.0 = Release|x64
		{28555ECA-CF01-4DC0-8235-8E55F872E301}.Release|x86.ActiveCfg = Release|Win32
		{28555ECA-CF01-4DC0-8235-8E55F872E301}.Release|x86.Build.0 = Release|Win32
		{68F55028-246C-417E-91DE-8FFD56176F40}.Debug|x64.ActiveCfg = Debug|x64
		{68F55028-246C-417E-91DE-8FFD56176F40}.Debug|x64.Build.0 = Debug|x64
		{68F55028-246C-417E-91DE-8FFD56176F40}.Debug|x86.ActiveCfg = Debug|Win32
		{68F55028-246C-417E-91DE-8FFD56176F40}.Debug|x86.Build.0 = Debug|Win32
		{68F55028-246C-417E-91DE-8FFD56176F40}.Release|x64.ActiveCfg = Release|x64
		{68F55028-246C-417E-91DE-8FFD56176F40}.Release|x64.Build.0 = Release|x64
		{68F55028-246C-417E-91DE-8FFD56176F40}.Release|x86.ActiveCfg = Release|Win32
		{68F55028-246C-417E-91DE-8FFD56176F40}.Release|x86.Build.0 = Release|Win32
		{9C61F21A-6F60-4DDE-94D9-3FB33590A006}.Debug|x64.ActiveCfg = Debug|x64
		{9C61F21A-6F60-4DDE-94D9-3FB33590A006}.Debug|x64.Build.0 = Debug|x64
		{9C61F21A-6F60-4DDE-94D9-3FB33590A006}.Debug|x86.ActiveCfg = Debug|Win32
		{9C61F21A-6F60-4DDE-94D9-3FB33590A006}.Debug|x86.Build.0 = Debug|Win32
		{9C61F21A-6F60-4DDE-94D9-3FB33590A006}.Release|x64.ActiveCfg = Release|x64
		{9C61F21A-6F60-4DDE-94D9-3FB33590A006}.Release|x64.Build.0 = Release|x64
		{9C61F21A-6F60-4DDE-94D9-3FB33590A006}.Release|x86.ActiveCfg = Release|Win32
		{9C61F21A-6F60-4DDE-94D9-3FB33590A006}.Release|x86.Build.0 = Release|Win32
		{9DAD9FA0-AB67-49EF-8386-9AB08339416C}.Debug|x64.ActiveCfg = Debug|x64
		{9DAD9FA0-AB67-49EF-8386-9AB08339416C}.Debug|x64.Build.0 = Debug|x64
		{9DAD9FA0-AB67-49EF-8386-9AB08339416C}.Debug|x86.ActiveCfg = Debug|Win32
		{9DAD9FA0-AB67-49EF-8386-9AB08339416C}.Debug|x86.Build.0 = Debug|Win32
		{9DAD9FA0-AB67-49EF-8386-9AB08339416C}.Release|x64.ActiveCfg = Release|x64
		{9DAD9FA0-AB67-49EF-8386-9AB08339416C}.Release|x64.Build.0 = Release|x64
		{9DAD9FA0-AB67-49EF-8386-9AB08339416C}.Release|x86.ActiveCfg = Release|Win32
		{9DAD9FA0-AB67-49EF-8386-9AB08339416C}.Release|x86.Build.0 = Release|Win32
		{2AA39759-C762-4C27-A97D-249CDC13B43B}.Debug|x64.ActiveCfg = Debug|x64
		{2AA39759-C762-4C27-A97D-249CDC13B43B}.Debug|x64.Build.0 = Debug|x64
		{2AA39759-C762-4C27-A97D-249CDC13B43B}.Debug|x86.ActiveCfg = Debug|Win32
		{2AA39759-C762-4C27-A97D-249CDC13B43B}.Debug|x86.Build.0 = Debug|Win32
		{2AA39759-C762-4C27-A97D-249CDC13B43B}.Release|x64.ActiveCfg = Release|x64
		{2AA39759-C762-4C27-A97D-249CDC13B43B}.Release|x64.Build.0 = Release|x64
		{2AA39759-C762-4C27-A97D-249CDC13B43B}.Release|x86.ActiveCfg = Release|Win32
		{2AA39759-C762-4C27-A97D-249CDC13B43B}.Release|x86.Build.0 = Release|Win32
		{E247C021-4CB3-4E64-BCD1-FD6F1D838C09}.Debug|x64.ActiveCfg = Debug|x64
		{E247C021-4CB3-4E64-BCD1-FD6F1D838C09}.Debug|x64.Build.0 = Debug|x64
		{E247C021-4CB3-4E64-BCD1-FD6F1D838C09}.Debug|x86.ActiveCfg = Debug|Win32
		{E247C021-4CB3-4E64-BCD1-FD6F1D838C09}.Debug|x86.Build.0 = Debug|Win32
		{E247C021-4CB3-4E64-BCD1-FD6F1D838C09}.Release|x64.ActiveCfg = Release|x64
		{E247C021-4CB3-4E64-BCD1-FD6F1D838C09}.Release|x64.Build.0 = Release|x64
		{E247C021-4CB3-4E64-BCD1-FD6F1D838C09}.Release|x86.ActiveCfg = Release|Win32
		{E247C021-4CB3-4E64-BCD1-FD6F1D838C09}.Release|x86.Build.0 = Release|Win32
		{385CBC6F-E7B5-4C03-AF91-61656536888C}.Debug|x64.ActiveCfg = Debug|x64
		{385CBC6F-E7B5-4C03-AF91-61656536888C}.Debug|x64.Build.0 = Debug|x64
		{385CBC6F-E7B5-4C03-AF91-61656536888C}.Debug|x86.ActiveCfg = Debug|Win32
		{385CBC6F-E7B5-4C03-AF91-61656536888C}.Debug|x86.Build.0 = Debug|Win32
		{385CBC6F-E7B5-4C03-AF91-61656536888C}.Release|x64.ActiveCfg = Release|x64
		{385CBC6F-E7B5-4C03-AF91-61656536888C}.Release|x64.Build.0 = Release|x64
		{385CBC6F-E7B5-4C03-AF91-61656536888C}.Release|x86.ActiveCfg = Release|Win32
		{385CBC6F-E7B5-4C03-AF91-61656536888C}.Release|x86.Build.0 = Release|Win32
		{ACDFAB3A-DB76-4028-B6ED-9A86FC6999C1}.Debug|x64.ActiveCfg = Debug|x64
		{ACDFAB3A-DB76-4028-B6ED-9A86FC6999C1}.Debug|x64.Build.0 = Debug|x64
		{ACDFAB3A-DB76-4028-B6ED-9A86FC6999C1}.Debug|x86.ActiveCfg = Debug|Win32
		{ACDFAB3A-DB76-4028-B6ED-9A86FC6999C1}.Debug|x86.Build.0 = Debug|Win32
		{ACDFAB3A-DB76-4028-B6ED-9A86FC6999C1}.Release|x64.ActiveCfg = Release|x64
		{ACDFAB3A-DB76-4028-B6ED-9A86FC6999C1}.Release|x64.Build.0 = Release|x64
		{ACDFAB3A-DB76-4028-B6ED-9A86FC6999C1}.Release|x86.ActiveCfg = Release|Win32
		{ACDFAB3A-DB76-4028-B6ED-9A86FC6999C1}.Release|x86.Build.0 = Release|Win32
		{D481336E-9BBA-4C98-85B9-217B7FB2EC05}.Debug|x64.ActiveCfg = Debug|x64
		{D481336E-9BBA-4C98-85B9-217B7FB2EC05}.Debug|x64.Build.0 = Debug|x64
		{D481336E-9BBA-4C98-85B9-217B7FB2EC05}.Debug|x86.ActiveCfg = Debug|Win32
		{D481336E-9BBA-4C98-85B9-217B7FB2EC05}.Debug|x86.Build.0 = Debug|Win32
		{D481336E-9BBA-4C98-85B9-217B7FB2EC05}.Release|x64.ActiveCfg = Release|x64
		{D481336E-9BBA-4C98-85B9-217B7FB2EC05}.Release|x64.Build.0 = Release|x64
		{D481336E-9BBA-4C98-85B9-217B7FB2EC05}.Release|x86.ActiveCfg = Release|Win32
		{D481336E-9BBA-4C98-85B9-217B7FB2EC05}.Release|x86.Build.0 = Release|Win32
		{A8239FE6-38C3-4378-9E47-525C5CFBFF84}.Debug|x64.ActiveCfg = Debug|x64
		{A8239FE6-38C3-4378-9E47-525C5CFBFF84}.Debug|x64.Build.0 = Debug|x64
		{A8239FE6-38C3-4378-9E47-525C5CFBFF84}.Debug|x86.ActiveCfg = Debug|Win32
		{A8239FE6-38C3-4378-9E47-525C5CFBFF84}.Debug|x86.Build.0 = Debug|Win32
		{A8239FE6-38C3-4378-9E47-525C5CFBFF84}.Release|x64.ActiveCfg = Release|x64
		{A8239FE6-38C3-4378-9E47-525C5CFBFF84}.Release|x64.Build.0 = Release|x64
		{A8239FE6-38C3-4378-9E47-525C5CFBFF84}.Release|x86.ActiveCfg = Release|Win32
		{A8239FE6-38C3-4378-9E47-525C5CFBFF84}.Release|x86.Build.0 = Release|Win32
		{8F081E21-9F9E-4DF1-A0CB-92F5854BCAE2}.Debug|x64.ActiveCfg = Debug|x64
		{8F081E21-9F9E-4DF1-A0CB-92F5854BCAE2}.Debug|x64.Build.0 = Debug|x64
		{8F081E21-9F9E-4DF1-A0CB-92F5854BCAE2}.Debug|x86.ActiveCfg = Debug|Win32
		{8F081E21-9F9E-4DF1-A0CB-92F5854BCAE2}.Debug|x86.Build.0 = Debug|Win32
		{8F081E21-9F9E-4DF1-A0CB-92F5854BCAE2}.Release|x64.ActiveCfg = Release|x64
		{8F081E21-9F9E-4DF1-A0CB-92F5854BCAE2}.Release|x64.Build.0 = Release|x64
		{8F081E21-9F9E-4DF1-A0CB-92F5854BCAE2}.Release|x86.ActiveCfg = Release|Win32
		{8F081E21-9F9E-4DF1-A0CB-92F5854BCAE2}.Release|x86.Build.0 = Release|Win32
		{3D72760A-F812-440A-AF37-30ADBA498F8D}.Debug|x64.ActiveCfg = Debug|x64
		{3D72760A-F812-440A-AF37-30ADBA498F8D}.Debug|x64.Build.0 = Debug|x64
		{3D72760A-F812-440A-AF37-30ADBA498F8D}.Debug|x86.ActiveCfg = Debug|Win32
		{3D72760A-F812-440A-AF37-30ADBA498F8D}.Debug|x86.Build.0 = Debug|Win32
		{3D72760A-F812-440A-AF37-30ADBA498F8D}.Release|x64.ActiveCfg = Release|x64
		{3D72760A-F812-440A-AF37-30ADBA498F8D}.Release|x64.Build.0 = Release|x64
		{3D72760A-F812-440A-AF37-30ADBA498F8D}.Release|x86.ActiveCfg = Release|Win32
		{3D72760A-F812-440A-AF37-30ADBA498F8D}.Release|x86.Build.0 = Release|Win32
		{A914D0DC-1B33-4296-A3C9-1EF158E7545C}.Debug|x64.ActiveCfg = Debug|x64
		{A914D0DC-1B33-4296-A3C9-1EF158E7545C}.Debug|x64.Build.0 = Debug|x64
		{A914D0DC-1B33-4296-A3C9-1EF158E7545C}.Debug|x86.ActiveCfg = Debug|Win32
		{A914D0DC-1B33-4296-A3C9-1EF158E7545C}.Debug|x86.Build.0 = Debug|Win32
		{A914D0DC-1B33-4296-A3C9-1EF158E7545C}.Release|x64.ActiveCfg = Release|x64
		{A914D0DC-1B33-4296-A3C9-1EF158E7545C}.Release|x64.Build.0 = Release|x64
		{A914D0DC-1B33-4296-A3C9-1EF158E7545C}.Release|x86.ActiveCfg = Release|Win32
		{A914D0DC-1B33-4296-A3C9-1EF158E7545C}.Release|x86.Build.0 = Release|Win32
		{625FB105-1C64-4BB3-BC1D-2CBB43C37ACB}.Debug|x64.ActiveCfg = Debug|x64
		{625FB105-1C64-4BB3-BC1D-2CBB43C37ACB}.Debug|x64.Build.0 = Debug|x64
		{625FB105-1C64-4BB3-BC1D-2CBB43C37ACB}.Debug|x86.ActiveCfg = Debug|Win32
		{625FB105-1C64-4BB3-BC1D-2CBB43C37ACB}.Debug|x86.Build.0 = Debug|Win32
		{625FB105-1C64-4BB3-BC1D-2CBB43C37ACB}.Release|x64.ActiveCfg = Release|x64
		{625FB105-1C64-4BB3-BC1D-2CBB43C37ACB}.Release|x64.Build.0 = Release|x64
		{625FB105-1C64-4BB3-BC1D-2CBB43C37ACB}.Release|x86.ActiveCfg = Release|Win32
		{625FB105-1C64-4BB3-BC1D-2CBB43C37ACB}.Release|x86.Build.0 = Release|Win32
		{9D3812AB-954B-4B4A-8BEC-425B43D048BE}.Debug|x64.ActiveCfg = Debug|x64
		{9D3812AB-954B-4B4A-8BEC-425B43D048BE}.Debug|x64.Build.0 = Debug|x64
		{9D3812AB-954B-4B4A-8BEC-425B43D048BE}.Debug|x86.ActiveCfg = Debug|Win32
		{9D3812AB-954B-4B4A-8BEC-425B43D048BE}.Debug|x86.Build.0 = Debug|Win32
		{9D3812AB-954B-4B4A-8BEC-425B43D048BE}.Release|x64.ActiveCfg = Release|x64
		{9D3812AB-954B-4B4A-8BEC-425B43D048BE}.Release|x64.Build.0 = Release|x64
		{9D3812AB-954B-4B4A-8BEC-425B43D048BE}.Release|x86.ActiveCfg = Release|Win32
		{9D3812AB-954B-4B4A-8BEC-425B43D048BE}.Release|x86.Build.0 = Release|Win32
	EndGlobalSection
	GlobalSection(SolutionProperties) = preSolution
		HideSolutionNode = FALSE
	EndGlobalSection
	GlobalSection(ExtensibilityGlobals) = postSolution
		SolutionGuid = {53B95ED4-4B9C-4A6E-B0AF-B2266B8EBF9C}
	EndGlobalSection
EndGlobal
